// !$*UTF8*$!
{
	archiveVersion = 1;
	classes = {
	};
	objectVersion = 46;
	objects = {

/* Begin PBXBuildFile section */
		6C0984CD15D9CBAA0082A841 /* Cocoa.framework in Frameworks */ = {isa = PBXBuildFile; fileRef = 6C0984CC15D9CBAA0082A841 /* Cocoa.framework */; };
		6C0984D715D9CBAA0082A841 /* InfoPlist.strings in Resources */ = {isa = PBXBuildFile; fileRef = 6C0984D515D9CBAA0082A841 /* InfoPlist.strings */; };
		6C0984DB15D9CBAA0082A841 /* Bartender.m in Sources */ = {isa = PBXBuildFile; fileRef = 6C0984DA15D9CBAA0082A841 /* Bartender.m */; };
		6C0984E315D9CBAA0082A841 /* SenTestingKit.framework in Frameworks */ = {isa = PBXBuildFile; fileRef = 6C0984E215D9CBAA0082A841 /* SenTestingKit.framework */; };
		6C0984E415D9CBAA0082A841 /* Cocoa.framework in Frameworks */ = {isa = PBXBuildFile; fileRef = 6C0984CC15D9CBAA0082A841 /* Cocoa.framework */; };
		6C0984E715D9CBAA0082A841 /* Bartender.framework in Frameworks */ = {isa = PBXBuildFile; fileRef = 6C0984C915D9CBAA0082A841 /* Bartender.framework */; };
		6C0984ED15D9CBAA0082A841 /* InfoPlist.strings in Resources */ = {isa = PBXBuildFile; fileRef = 6C0984EB15D9CBAA0082A841 /* InfoPlist.strings */; };
		6C0984F015D9CBAA0082A841 /* BartenderTests.m in Sources */ = {isa = PBXBuildFile; fileRef = 6C0984EF15D9CBAA0082A841 /* BartenderTests.m */; };
		6C09850315D9D29D0082A841 /* Brew.h in Headers */ = {isa = PBXBuildFile; fileRef = 6C09850115D9D29D0082A841 /* Brew.h */; };
		6C09850415D9D29D0082A841 /* Brew.m in Sources */ = {isa = PBXBuildFile; fileRef = 6C09850215D9D29D0082A841 /* Brew.m */; };
		6C09850515D9D29D0082A841 /* Brew.m in Sources */ = {isa = PBXBuildFile; fileRef = 6C09850215D9D29D0082A841 /* Brew.m */; };
		6C09850815D9D5FC0082A841 /* ARCExtensions.h in Headers */ = {isa = PBXBuildFile; fileRef = 6C09850615D9D5FC0082A841 /* ARCExtensions.h */; };
		6C09850915D9D5FC0082A841 /* ARCExtensions.m in Sources */ = {isa = PBXBuildFile; fileRef = 6C09850715D9D5FC0082A841 /* ARCExtensions.m */; };
		6C09850A15D9D5FC0082A841 /* ARCExtensions.m in Sources */ = {isa = PBXBuildFile; fileRef = 6C09850715D9D5FC0082A841 /* ARCExtensions.m */; };
		6C831DCB15E08A50003BCF59 /* Cocoa.framework in Frameworks */ = {isa = PBXBuildFile; fileRef = 6C0984CC15D9CBAA0082A841 /* Cocoa.framework */; };
		6C831DD115E08A50003BCF59 /* InfoPlist.strings in Resources */ = {isa = PBXBuildFile; fileRef = 6C831DCF15E08A50003BCF59 /* InfoPlist.strings */; };
		6C831DD315E08A50003BCF59 /* main.m in Sources */ = {isa = PBXBuildFile; fileRef = 6C831DD215E08A50003BCF59 /* main.m */; };
		6C831DD715E08A50003BCF59 /* Credits.rtf in Resources */ = {isa = PBXBuildFile; fileRef = 6C831DD515E08A50003BCF59 /* Credits.rtf */; };
		6C831DDA15E08A50003BCF59 /* AppDelegate.m in Sources */ = {isa = PBXBuildFile; fileRef = 6C831DD915E08A50003BCF59 /* AppDelegate.m */; };
		6C831DDD15E08A51003BCF59 /* MainMenu.xib in Resources */ = {isa = PBXBuildFile; fileRef = 6C831DDB15E08A51003BCF59 /* MainMenu.xib */; };
		6C831DE215E08A64003BCF59 /* Bartender.framework in Frameworks */ = {isa = PBXBuildFile; fileRef = 6C0984C915D9CBAA0082A841 /* Bartender.framework */; };
		6C831DE515E08C3F003BCF59 /* MenuViewController.m in Sources */ = {isa = PBXBuildFile; fileRef = 6C831DE415E08C3F003BCF59 /* MenuViewController.m */; };
		6C831DE815E08DB4003BCF59 /* MenuToolbar.m in Sources */ = {isa = PBXBuildFile; fileRef = 6C831DE715E08DB4003BCF59 /* MenuToolbar.m */; };
/* End PBXBuildFile section */

/* Begin PBXContainerItemProxy section */
		6C0984E515D9CBAA0082A841 /* PBXContainerItemProxy */ = {
			isa = PBXContainerItemProxy;
			containerPortal = 6C0984BA15D9CAA00082A841 /* Project object */;
			proxyType = 1;
			remoteGlobalIDString = 6C0984C815D9CBAA0082A841;
			remoteInfo = Bartender;
		};
/* End PBXContainerItemProxy section */

/* Begin PBXFileReference section */
		6C0984C915D9CBAA0082A841 /* Bartender.framework */ = {isa = PBXFileReference; explicitFileType = wrapper.framework; includeInIndex = 0; path = Bartender.framework; sourceTree = BUILT_PRODUCTS_DIR; };
		6C0984CC15D9CBAA0082A841 /* Cocoa.framework */ = {isa = PBXFileReference; lastKnownFileType = wrapper.framework; name = Cocoa.framework; path = System/Library/Frameworks/Cocoa.framework; sourceTree = SDKROOT; };
		6C0984CF15D9CBAA0082A841 /* AppKit.framework */ = {isa = PBXFileReference; lastKnownFileType = wrapper.framework; name = AppKit.framework; path = System/Library/Frameworks/AppKit.framework; sourceTree = SDKROOT; };
		6C0984D015D9CBAA0082A841 /* CoreData.framework */ = {isa = PBXFileReference; lastKnownFileType = wrapper.framework; name = CoreData.framework; path = System/Library/Frameworks/CoreData.framework; sourceTree = SDKROOT; };
		6C0984D115D9CBAA0082A841 /* Foundation.framework */ = {isa = PBXFileReference; lastKnownFileType = wrapper.framework; name = Foundation.framework; path = System/Library/Frameworks/Foundation.framework; sourceTree = SDKROOT; };
		6C0984D415D9CBAA0082A841 /* Bartender-Info.plist */ = {isa = PBXFileReference; lastKnownFileType = text.plist.xml; path = "Bartender-Info.plist"; sourceTree = "<group>"; };
		6C0984D615D9CBAA0082A841 /* en */ = {isa = PBXFileReference; lastKnownFileType = text.plist.strings; name = en; path = en.lproj/InfoPlist.strings; sourceTree = "<group>"; };
		6C0984D815D9CBAA0082A841 /* Bartender-Prefix.pch */ = {isa = PBXFileReference; lastKnownFileType = sourcecode.c.h; path = "Bartender-Prefix.pch"; sourceTree = "<group>"; };
		6C0984D915D9CBAA0082A841 /* Bartender.h */ = {isa = PBXFileReference; lastKnownFileType = sourcecode.c.h; path = Bartender.h; sourceTree = "<group>"; };
		6C0984DA15D9CBAA0082A841 /* Bartender.m */ = {isa = PBXFileReference; lastKnownFileType = sourcecode.c.objc; path = Bartender.m; sourceTree = "<group>"; };
		6C0984E115D9CBAA0082A841 /* BartenderTests.octest */ = {isa = PBXFileReference; explicitFileType = wrapper.cfbundle; includeInIndex = 0; path = BartenderTests.octest; sourceTree = BUILT_PRODUCTS_DIR; };
		6C0984E215D9CBAA0082A841 /* SenTestingKit.framework */ = {isa = PBXFileReference; lastKnownFileType = wrapper.framework; name = SenTestingKit.framework; path = Library/Frameworks/SenTestingKit.framework; sourceTree = DEVELOPER_DIR; };
		6C0984EA15D9CBAA0082A841 /* BartenderTests-Info.plist */ = {isa = PBXFileReference; lastKnownFileType = text.plist.xml; path = "BartenderTests-Info.plist"; sourceTree = "<group>"; };
		6C0984EC15D9CBAA0082A841 /* en */ = {isa = PBXFileReference; lastKnownFileType = text.plist.strings; name = en; path = en.lproj/InfoPlist.strings; sourceTree = "<group>"; };
		6C0984EE15D9CBAA0082A841 /* BartenderTests.h */ = {isa = PBXFileReference; lastKnownFileType = sourcecode.c.h; path = BartenderTests.h; sourceTree = "<group>"; };
		6C0984EF15D9CBAA0082A841 /* BartenderTests.m */ = {isa = PBXFileReference; lastKnownFileType = sourcecode.c.objc; path = BartenderTests.m; sourceTree = "<group>"; };
		6C09850115D9D29D0082A841 /* Brew.h */ = {isa = PBXFileReference; fileEncoding = 4; lastKnownFileType = sourcecode.c.h; path = Brew.h; sourceTree = "<group>"; };
		6C09850215D9D29D0082A841 /* Brew.m */ = {isa = PBXFileReference; fileEncoding = 4; lastKnownFileType = sourcecode.c.objc; path = Brew.m; sourceTree = "<group>"; };
		6C09850615D9D5FC0082A841 /* ARCExtensions.h */ = {isa = PBXFileReference; fileEncoding = 4; lastKnownFileType = sourcecode.c.h; path = ARCExtensions.h; sourceTree = "<group>"; };
		6C09850715D9D5FC0082A841 /* ARCExtensions.m */ = {isa = PBXFileReference; fileEncoding = 4; lastKnownFileType = sourcecode.c.objc; path = ARCExtensions.m; sourceTree = "<group>"; };
		6C831DC915E08A50003BCF59 /* Pub.app */ = {isa = PBXFileReference; explicitFileType = wrapper.application; includeInIndex = 0; path = Pub.app; sourceTree = BUILT_PRODUCTS_DIR; };
		6C831DCE15E08A50003BCF59 /* Menu-Info.plist */ = {isa = PBXFileReference; lastKnownFileType = text.plist.xml; path = "Menu-Info.plist"; sourceTree = "<group>"; };
		6C831DD015E08A50003BCF59 /* en */ = {isa = PBXFileReference; lastKnownFileType = text.plist.strings; name = en; path = en.lproj/InfoPlist.strings; sourceTree = "<group>"; };
		6C831DD215E08A50003BCF59 /* main.m */ = {isa = PBXFileReference; lastKnownFileType = sourcecode.c.objc; path = main.m; sourceTree = "<group>"; };
		6C831DD415E08A50003BCF59 /* Menu-Prefix.pch */ = {isa = PBXFileReference; lastKnownFileType = sourcecode.c.h; path = "Menu-Prefix.pch"; sourceTree = "<group>"; };
		6C831DD615E08A50003BCF59 /* en */ = {isa = PBXFileReference; lastKnownFileType = text.rtf; name = en; path = en.lproj/Credits.rtf; sourceTree = "<group>"; };
		6C831DD815E08A50003BCF59 /* AppDelegate.h */ = {isa = PBXFileReference; lastKnownFileType = sourcecode.c.h; path = AppDelegate.h; sourceTree = "<group>"; };
		6C831DD915E08A50003BCF59 /* AppDelegate.m */ = {isa = PBXFileReference; lastKnownFileType = sourcecode.c.objc; path = AppDelegate.m; sourceTree = "<group>"; };
		6C831DDC15E08A51003BCF59 /* en */ = {isa = PBXFileReference; lastKnownFileType = file.xib; name = en; path = en.lproj/MainMenu.xib; sourceTree = "<group>"; };
		6C831DE315E08C3F003BCF59 /* MenuViewController.h */ = {isa = PBXFileReference; fileEncoding = 4; lastKnownFileType = sourcecode.c.h; path = MenuViewController.h; sourceTree = "<group>"; };
		6C831DE415E08C3F003BCF59 /* MenuViewController.m */ = {isa = PBXFileReference; fileEncoding = 4; lastKnownFileType = sourcecode.c.objc; path = MenuViewController.m; sourceTree = "<group>"; };
		6C831DE615E08DB4003BCF59 /* MenuToolbar.h */ = {isa = PBXFileReference; fileEncoding = 4; lastKnownFileType = sourcecode.c.h; path = MenuToolbar.h; sourceTree = "<group>"; };
		6C831DE715E08DB4003BCF59 /* MenuToolbar.m */ = {isa = PBXFileReference; fileEncoding = 4; lastKnownFileType = sourcecode.c.objc; path = MenuToolbar.m; sourceTree = "<group>"; };
/* End PBXFileReference section */

/* Begin PBXFrameworksBuildPhase section */
		6C0984C515D9CBAA0082A841 /* Frameworks */ = {
			isa = PBXFrameworksBuildPhase;
			buildActionMask = 2147483647;
			files = (
				6C0984CD15D9CBAA0082A841 /* Cocoa.framework in Frameworks */,
			);
			runOnlyForDeploymentPostprocessing = 0;
		};
		6C0984DD15D9CBAA0082A841 /* Frameworks */ = {
			isa = PBXFrameworksBuildPhase;
			buildActionMask = 2147483647;
			files = (
				6C0984E315D9CBAA0082A841 /* SenTestingKit.framework in Frameworks */,
				6C0984E415D9CBAA0082A841 /* Cocoa.framework in Frameworks */,
				6C0984E715D9CBAA0082A841 /* Bartender.framework in Frameworks */,
			);
			runOnlyForDeploymentPostprocessing = 0;
		};
		6C831DC615E08A50003BCF59 /* Frameworks */ = {
			isa = PBXFrameworksBuildPhase;
			buildActionMask = 2147483647;
			files = (
				6C831DCB15E08A50003BCF59 /* Cocoa.framework in Frameworks */,
				6C831DE215E08A64003BCF59 /* Bartender.framework in Frameworks */,
			);
			runOnlyForDeploymentPostprocessing = 0;
		};
/* End PBXFrameworksBuildPhase section */

/* Begin PBXGroup section */
		6C0984B815D9CAA00082A841 = {
			isa = PBXGroup;
			children = (
				6C09850615D9D5FC0082A841 /* ARCExtensions.h */,
				6C09850715D9D5FC0082A841 /* ARCExtensions.m */,
				6C0984D215D9CBAA0082A841 /* Bartender */,
				6C0984E815D9CBAA0082A841 /* BartenderTests */,
				6C831DCC15E08A50003BCF59 /* Menu */,
				6C0984CB15D9CBAA0082A841 /* Frameworks */,
				6C0984CA15D9CBAA0082A841 /* Products */,
			);
			sourceTree = "<group>";
		};
		6C0984CA15D9CBAA0082A841 /* Products */ = {
			isa = PBXGroup;
			children = (
				6C0984C915D9CBAA0082A841 /* Bartender.framework */,
				6C0984E115D9CBAA0082A841 /* BartenderTests.octest */,
				6C831DC915E08A50003BCF59 /* Pub.app */,
			);
			name = Products;
			sourceTree = "<group>";
		};
		6C0984CB15D9CBAA0082A841 /* Frameworks */ = {
			isa = PBXGroup;
			children = (
				6C0984CC15D9CBAA0082A841 /* Cocoa.framework */,
				6C0984E215D9CBAA0082A841 /* SenTestingKit.framework */,
				6C0984CE15D9CBAA0082A841 /* Other Frameworks */,
			);
			name = Frameworks;
			sourceTree = "<group>";
		};
		6C0984CE15D9CBAA0082A841 /* Other Frameworks */ = {
			isa = PBXGroup;
			children = (
				6C0984CF15D9CBAA0082A841 /* AppKit.framework */,
				6C0984D015D9CBAA0082A841 /* CoreData.framework */,
				6C0984D115D9CBAA0082A841 /* Foundation.framework */,
			);
			name = "Other Frameworks";
			sourceTree = "<group>";
		};
		6C0984D215D9CBAA0082A841 /* Bartender */ = {
			isa = PBXGroup;
			children = (
				6C0984D915D9CBAA0082A841 /* Bartender.h */,
				6C0984DA15D9CBAA0082A841 /* Bartender.m */,
				6C09850115D9D29D0082A841 /* Brew.h */,
				6C09850215D9D29D0082A841 /* Brew.m */,
				6C0984D315D9CBAA0082A841 /* Supporting Files */,
			);
			path = Bartender;
			sourceTree = "<group>";
		};
		6C0984D315D9CBAA0082A841 /* Supporting Files */ = {
			isa = PBXGroup;
			children = (
				6C0984D415D9CBAA0082A841 /* Bartender-Info.plist */,
				6C0984D515D9CBAA0082A841 /* InfoPlist.strings */,
				6C0984D815D9CBAA0082A841 /* Bartender-Prefix.pch */,
			);
			name = "Supporting Files";
			sourceTree = "<group>";
		};
		6C0984E815D9CBAA0082A841 /* BartenderTests */ = {
			isa = PBXGroup;
			children = (
				6C0984EE15D9CBAA0082A841 /* BartenderTests.h */,
				6C0984EF15D9CBAA0082A841 /* BartenderTests.m */,
				6C0984E915D9CBAA0082A841 /* Supporting Files */,
			);
			path = BartenderTests;
			sourceTree = "<group>";
		};
		6C0984E915D9CBAA0082A841 /* Supporting Files */ = {
			isa = PBXGroup;
			children = (
				6C0984EA15D9CBAA0082A841 /* BartenderTests-Info.plist */,
				6C0984EB15D9CBAA0082A841 /* InfoPlist.strings */,
			);
			name = "Supporting Files";
			sourceTree = "<group>";
		};
		6C831DCC15E08A50003BCF59 /* Menu */ = {
			isa = PBXGroup;
			children = (
				6C831DD815E08A50003BCF59 /* AppDelegate.h */,
				6C831DD915E08A50003BCF59 /* AppDelegate.m */,
				6C831DDB15E08A51003BCF59 /* MainMenu.xib */,
				6C831DE615E08DB4003BCF59 /* MenuToolbar.h */,
				6C831DE715E08DB4003BCF59 /* MenuToolbar.m */,
				6C831DE315E08C3F003BCF59 /* MenuViewController.h */,
				6C831DE415E08C3F003BCF59 /* MenuViewController.m */,
				6C831DCD15E08A50003BCF59 /* Supporting Files */,
			);
			path = Menu;
			sourceTree = "<group>";
		};
		6C831DCD15E08A50003BCF59 /* Supporting Files */ = {
			isa = PBXGroup;
			children = (
				6C831DCE15E08A50003BCF59 /* Menu-Info.plist */,
				6C831DCF15E08A50003BCF59 /* InfoPlist.strings */,
				6C831DD215E08A50003BCF59 /* main.m */,
				6C831DD415E08A50003BCF59 /* Menu-Prefix.pch */,
				6C831DD515E08A50003BCF59 /* Credits.rtf */,
			);
			name = "Supporting Files";
			sourceTree = "<group>";
		};
/* End PBXGroup section */

/* Begin PBXHeadersBuildPhase section */
		6C0984C615D9CBAA0082A841 /* Headers */ = {
			isa = PBXHeadersBuildPhase;
			buildActionMask = 2147483647;
			files = (
				6C09850315D9D29D0082A841 /* Brew.h in Headers */,
				6C09850815D9D5FC0082A841 /* ARCExtensions.h in Headers */,
			);
			runOnlyForDeploymentPostprocessing = 0;
		};
/* End PBXHeadersBuildPhase section */

/* Begin PBXNativeTarget section */
		6C0984C815D9CBAA0082A841 /* Bartender */ = {
			isa = PBXNativeTarget;
			buildConfigurationList = 6C0984F515D9CBAA0082A841 /* Build configuration list for PBXNativeTarget "Bartender" */;
			buildPhases = (
				6C0984C415D9CBAA0082A841 /* Sources */,
				6C0984C515D9CBAA0082A841 /* Frameworks */,
				6C0984C615D9CBAA0082A841 /* Headers */,
				6C0984C715D9CBAA0082A841 /* Resources */,
			);
			buildRules = (
			);
			dependencies = (
			);
			name = Bartender;
			productName = Bartender;
			productReference = 6C0984C915D9CBAA0082A841 /* Bartender.framework */;
			productType = "com.apple.product-type.framework";
		};
		6C0984E015D9CBAA0082A841 /* BartenderTests */ = {
			isa = PBXNativeTarget;
			buildConfigurationList = 6C0984F615D9CBAA0082A841 /* Build configuration list for PBXNativeTarget "BartenderTests" */;
			buildPhases = (
				6C0984DC15D9CBAA0082A841 /* Sources */,
				6C0984DD15D9CBAA0082A841 /* Frameworks */,
				6C0984DE15D9CBAA0082A841 /* Resources */,
				6C0984DF15D9CBAA0082A841 /* ShellScript */,
			);
			buildRules = (
			);
			dependencies = (
				6C0984E615D9CBAA0082A841 /* PBXTargetDependency */,
			);
			name = BartenderTests;
			productName = BartenderTests;
			productReference = 6C0984E115D9CBAA0082A841 /* BartenderTests.octest */;
			productType = "com.apple.product-type.bundle";
		};
		6C831DC815E08A50003BCF59 /* Menu */ = {
			isa = PBXNativeTarget;
			buildConfigurationList = 6C831DE015E08A51003BCF59 /* Build configuration list for PBXNativeTarget "Menu" */;
			buildPhases = (
				6C831DC515E08A50003BCF59 /* Sources */,
				6C831DC615E08A50003BCF59 /* Frameworks */,
				6C831DC715E08A50003BCF59 /* Resources */,
			);
			buildRules = (
			);
			dependencies = (
			);
			name = Menu;
			productName = Menu;
			productReference = 6C831DC915E08A50003BCF59 /* Pub.app */;
			productType = "com.apple.product-type.application";
		};
/* End PBXNativeTarget section */

/* Begin PBXProject section */
		6C0984BA15D9CAA00082A841 /* Project object */ = {
			isa = PBXProject;
			attributes = {
				LastUpgradeCheck = 0440;
				ORGANIZATIONNAME = Elemist.net;
			};
			buildConfigurationList = 6C0984BD15D9CAA00082A841 /* Build configuration list for PBXProject "Pub" */;
			compatibilityVersion = "Xcode 3.2";
			developmentRegion = English;
			hasScannedForEncodings = 0;
			knownRegions = (
				en,
			);
			mainGroup = 6C0984B815D9CAA00082A841;
			productRefGroup = 6C0984CA15D9CBAA0082A841 /* Products */;
			projectDirPath = "";
			projectRoot = "";
			targets = (
				6C0984C815D9CBAA0082A841 /* Bartender */,
				6C0984E015D9CBAA0082A841 /* BartenderTests */,
				6C831DC815E08A50003BCF59 /* Menu */,
			);
		};
/* End PBXProject section */

/* Begin PBXResourcesBuildPhase section */
		6C0984C715D9CBAA0082A841 /* Resources */ = {
			isa = PBXResourcesBuildPhase;
			buildActionMask = 2147483647;
			files = (
				6C0984D715D9CBAA0082A841 /* InfoPlist.strings in Resources */,
			);
			runOnlyForDeploymentPostprocessing = 0;
		};
		6C0984DE15D9CBAA0082A841 /* Resources */ = {
			isa = PBXResourcesBuildPhase;
			buildActionMask = 2147483647;
			files = (
				6C0984ED15D9CBAA0082A841 /* InfoPlist.strings in Resources */,
			);
			runOnlyForDeploymentPostprocessing = 0;
		};
		6C831DC715E08A50003BCF59 /* Resources */ = {
			isa = PBXResourcesBuildPhase;
			buildActionMask = 2147483647;
			files = (
				6C831DD115E08A50003BCF59 /* InfoPlist.strings in Resources */,
				6C831DD715E08A50003BCF59 /* Credits.rtf in Resources */,
				6C831DDD15E08A51003BCF59 /* MainMenu.xib in Resources */,
			);
			runOnlyForDeploymentPostprocessing = 0;
		};
/* End PBXResourcesBuildPhase section */

/* Begin PBXShellScriptBuildPhase section */
		6C0984DF15D9CBAA0082A841 /* ShellScript */ = {
			isa = PBXShellScriptBuildPhase;
			buildActionMask = 2147483647;
			files = (
			);
			inputPaths = (
			);
			outputPaths = (
			);
			runOnlyForDeploymentPostprocessing = 0;
			shellPath = /bin/sh;
			shellScript = "# Run the unit tests in this test bundle.\n\"${SYSTEM_DEVELOPER_DIR}/Tools/RunUnitTests\"\n";
		};
/* End PBXShellScriptBuildPhase section */

/* Begin PBXSourcesBuildPhase section */
		6C0984C415D9CBAA0082A841 /* Sources */ = {
			isa = PBXSourcesBuildPhase;
			buildActionMask = 2147483647;
			files = (
				6C0984DB15D9CBAA0082A841 /* Bartender.m in Sources */,
				6C09850415D9D29D0082A841 /* Brew.m in Sources */,
				6C09850915D9D5FC0082A841 /* ARCExtensions.m in Sources */,
			);
			runOnlyForDeploymentPostprocessing = 0;
		};
		6C0984DC15D9CBAA0082A841 /* Sources */ = {
			isa = PBXSourcesBuildPhase;
			buildActionMask = 2147483647;
			files = (
				6C0984F015D9CBAA0082A841 /* BartenderTests.m in Sources */,
				6C09850515D9D29D0082A841 /* Brew.m in Sources */,
				6C09850A15D9D5FC0082A841 /* ARCExtensions.m in Sources */,
			);
			runOnlyForDeploymentPostprocessing = 0;
		};
		6C831DC515E08A50003BCF59 /* Sources */ = {
			isa = PBXSourcesBuildPhase;
			buildActionMask = 2147483647;
			files = (
				6C831DD315E08A50003BCF59 /* main.m in Sources */,
				6C831DDA15E08A50003BCF59 /* AppDelegate.m in Sources */,
				6C831DE515E08C3F003BCF59 /* MenuViewController.m in Sources */,
				6C831DE815E08DB4003BCF59 /* MenuToolbar.m in Sources */,
			);
			runOnlyForDeploymentPostprocessing = 0;
		};
/* End PBXSourcesBuildPhase section */

/* Begin PBXTargetDependency section */
		6C0984E615D9CBAA0082A841 /* PBXTargetDependency */ = {
			isa = PBXTargetDependency;
			target = 6C0984C815D9CBAA0082A841 /* Bartender */;
			targetProxy = 6C0984E515D9CBAA0082A841 /* PBXContainerItemProxy */;
		};
/* End PBXTargetDependency section */

/* Begin PBXVariantGroup section */
		6C0984D515D9CBAA0082A841 /* InfoPlist.strings */ = {
			isa = PBXVariantGroup;
			children = (
				6C0984D615D9CBAA0082A841 /* en */,
			);
			name = InfoPlist.strings;
			sourceTree = "<group>";
		};
		6C0984EB15D9CBAA0082A841 /* InfoPlist.strings */ = {
			isa = PBXVariantGroup;
			children = (
				6C0984EC15D9CBAA0082A841 /* en */,
			);
			name = InfoPlist.strings;
			sourceTree = "<group>";
		};
		6C831DCF15E08A50003BCF59 /* InfoPlist.strings */ = {
			isa = PBXVariantGroup;
			children = (
				6C831DD015E08A50003BCF59 /* en */,
			);
			name = InfoPlist.strings;
			sourceTree = "<group>";
		};
		6C831DD515E08A50003BCF59 /* Credits.rtf */ = {
			isa = PBXVariantGroup;
			children = (
				6C831DD615E08A50003BCF59 /* en */,
			);
			name = Credits.rtf;
			sourceTree = "<group>";
		};
		6C831DDB15E08A51003BCF59 /* MainMenu.xib */ = {
			isa = PBXVariantGroup;
			children = (
				6C831DDC15E08A51003BCF59 /* en */,
			);
			name = MainMenu.xib;
			sourceTree = "<group>";
		};
/* End PBXVariantGroup section */

/* Begin XCBuildConfiguration section */
		6C0984BF15D9CAA00082A841 /* Debug */ = {
			isa = XCBuildConfiguration;
			buildSettings = {
				CLANG_ENABLE_OBJC_ARC = YES;
				FRAMEWORK_SEARCH_PATHS = /Library/Frameworks;
			};
			name = Debug;
		};
		6C0984C015D9CAA00082A841 /* Release */ = {
			isa = XCBuildConfiguration;
			buildSettings = {
				CLANG_ENABLE_OBJC_ARC = YES;
				FRAMEWORK_SEARCH_PATHS = /Library/Frameworks;
			};
			name = Release;
		};
		6C0984F115D9CBAA0082A841 /* Debug */ = {
			isa = XCBuildConfiguration;
			buildSettings = {
				ALWAYS_SEARCH_USER_PATHS = YES;
				ARCHS = "$(ARCHS_STANDARD_64_BIT)";
				CLANG_CXX_LANGUAGE_STANDARD = "gnu++0x";
				CLANG_ENABLE_OBJC_ARC = YES;
				CLANG_WARN__DUPLICATE_METHOD_MATCH = YES;
				COMBINE_HIDPI_IMAGES = YES;
				COPY_PHASE_STRIP = NO;
				DYLIB_COMPATIBILITY_VERSION = 1;
				DYLIB_CURRENT_VERSION = 1;
				FRAMEWORK_VERSION = A;
				GCC_C_LANGUAGE_STANDARD = gnu99;
				GCC_DYNAMIC_NO_PIC = NO;
				GCC_ENABLE_OBJC_EXCEPTIONS = YES;
				GCC_OPTIMIZATION_LEVEL = 0;
				GCC_PRECOMPILE_PREFIX_HEADER = YES;
				GCC_PREFIX_HEADER = "Bartender/Bartender-Prefix.pch";
				GCC_PREPROCESSOR_DEFINITIONS = (
					"DEBUG=1",
					"$(inherited)",
				);
				GCC_SYMBOLS_PRIVATE_EXTERN = NO;
				GCC_WARN_64_TO_32_BIT_CONVERSION = YES;
				GCC_WARN_ABOUT_RETURN_TYPE = YES;
				GCC_WARN_UNINITIALIZED_AUTOS = YES;
				GCC_WARN_UNUSED_VARIABLE = YES;
				INFOPLIST_FILE = "Bartender/Bartender-Info.plist";
				MACOSX_DEPLOYMENT_TARGET = 10.8;
				ONLY_ACTIVE_ARCH = YES;
				PRODUCT_NAME = "$(TARGET_NAME)";
				SDKROOT = macosx;
				WRAPPER_EXTENSION = framework;
			};
			name = Debug;
		};
		6C0984F215D9CBAA0082A841 /* Release */ = {
			isa = XCBuildConfiguration;
			buildSettings = {
				ALWAYS_SEARCH_USER_PATHS = YES;
				ARCHS = "$(ARCHS_STANDARD_64_BIT)";
				CLANG_CXX_LANGUAGE_STANDARD = "gnu++0x";
				CLANG_ENABLE_OBJC_ARC = YES;
				CLANG_WARN__DUPLICATE_METHOD_MATCH = YES;
				COMBINE_HIDPI_IMAGES = YES;
				COPY_PHASE_STRIP = YES;
				DEBUG_INFORMATION_FORMAT = "dwarf-with-dsym";
				DYLIB_COMPATIBILITY_VERSION = 1;
				DYLIB_CURRENT_VERSION = 1;
				FRAMEWORK_VERSION = A;
				GCC_C_LANGUAGE_STANDARD = gnu99;
				GCC_ENABLE_OBJC_EXCEPTIONS = YES;
				GCC_PRECOMPILE_PREFIX_HEADER = YES;
				GCC_PREFIX_HEADER = "Bartender/Bartender-Prefix.pch";
				GCC_WARN_64_TO_32_BIT_CONVERSION = YES;
				GCC_WARN_ABOUT_RETURN_TYPE = YES;
				GCC_WARN_UNINITIALIZED_AUTOS = YES;
				GCC_WARN_UNUSED_VARIABLE = YES;
				INFOPLIST_FILE = "Bartender/Bartender-Info.plist";
				MACOSX_DEPLOYMENT_TARGET = 10.8;
				PRODUCT_NAME = "$(TARGET_NAME)";
				SDKROOT = macosx;
				WRAPPER_EXTENSION = framework;
			};
			name = Release;
		};
		6C0984F315D9CBAA0082A841 /* Debug */ = {
			isa = XCBuildConfiguration;
			buildSettings = {
				ALWAYS_SEARCH_USER_PATHS = NO;
				ARCHS = "$(ARCHS_STANDARD_64_BIT)";
				CLANG_CXX_LANGUAGE_STANDARD = "gnu++0x";
				CLANG_ENABLE_OBJC_ARC = YES;
				CLANG_WARN__DUPLICATE_METHOD_MATCH = YES;
				COMBINE_HIDPI_IMAGES = YES;
				COPY_PHASE_STRIP = NO;
				FRAMEWORK_SEARCH_PATHS = "\"$(DEVELOPER_LIBRARY_DIR)/Frameworks\"";
				GCC_C_LANGUAGE_STANDARD = gnu99;
				GCC_DYNAMIC_NO_PIC = NO;
				GCC_ENABLE_OBJC_EXCEPTIONS = YES;
				GCC_OPTIMIZATION_LEVEL = 0;
				GCC_PRECOMPILE_PREFIX_HEADER = YES;
				GCC_PREFIX_HEADER = "Bartender/Bartender-Prefix.pch";
				GCC_PREPROCESSOR_DEFINITIONS = (
					"DEBUG=1",
					"$(inherited)",
				);
				GCC_SYMBOLS_PRIVATE_EXTERN = NO;
				GCC_WARN_64_TO_32_BIT_CONVERSION = YES;
				GCC_WARN_ABOUT_RETURN_TYPE = YES;
				GCC_WARN_UNINITIALIZED_AUTOS = YES;
				GCC_WARN_UNUSED_VARIABLE = YES;
				INFOPLIST_FILE = "BartenderTests/BartenderTests-Info.plist";
				MACOSX_DEPLOYMENT_TARGET = 10.8;
				ONLY_ACTIVE_ARCH = YES;
				PRODUCT_NAME = "$(TARGET_NAME)";
				SDKROOT = macosx;
				WRAPPER_EXTENSION = octest;
			};
			name = Debug;
		};
		6C0984F415D9CBAA0082A841 /* Release */ = {
			isa = XCBuildConfiguration;
			buildSettings = {
				ALWAYS_SEARCH_USER_PATHS = NO;
				ARCHS = "$(ARCHS_STANDARD_64_BIT)";
				CLANG_CXX_LANGUAGE_STANDARD = "gnu++0x";
				CLANG_ENABLE_OBJC_ARC = YES;
				CLANG_WARN__DUPLICATE_METHOD_MATCH = YES;
				COMBINE_HIDPI_IMAGES = YES;
				COPY_PHASE_STRIP = YES;
				DEBUG_INFORMATION_FORMAT = "dwarf-with-dsym";
				FRAMEWORK_SEARCH_PATHS = "\"$(DEVELOPER_LIBRARY_DIR)/Frameworks\"";
				GCC_C_LANGUAGE_STANDARD = gnu99;
				GCC_ENABLE_OBJC_EXCEPTIONS = YES;
				GCC_PRECOMPILE_PREFIX_HEADER = YES;
				GCC_PREFIX_HEADER = "Bartender/Bartender-Prefix.pch";
				GCC_WARN_64_TO_32_BIT_CONVERSION = YES;
				GCC_WARN_ABOUT_RETURN_TYPE = YES;
				GCC_WARN_UNINITIALIZED_AUTOS = YES;
				GCC_WARN_UNUSED_VARIABLE = YES;
				INFOPLIST_FILE = "BartenderTests/BartenderTests-Info.plist";
				MACOSX_DEPLOYMENT_TARGET = 10.8;
				PRODUCT_NAME = "$(TARGET_NAME)";
				SDKROOT = macosx;
				WRAPPER_EXTENSION = octest;
			};
			name = Release;
		};
		6C831DDE15E08A51003BCF59 /* Debug */ = {
			isa = XCBuildConfiguration;
			buildSettings = {
				ALWAYS_SEARCH_USER_PATHS = NO;
				ARCHS = "$(ARCHS_STANDARD_64_BIT)";
				CLANG_CXX_LANGUAGE_STANDARD = "gnu++0x";
				CLANG_WARN__DUPLICATE_METHOD_MATCH = YES;
				COMBINE_HIDPI_IMAGES = YES;
				COPY_PHASE_STRIP = NO;
				GCC_C_LANGUAGE_STANDARD = gnu99;
				GCC_DYNAMIC_NO_PIC = NO;
				GCC_ENABLE_OBJC_EXCEPTIONS = YES;
				GCC_OPTIMIZATION_LEVEL = 0;
				GCC_PRECOMPILE_PREFIX_HEADER = YES;
				GCC_PREFIX_HEADER = "Menu/Menu-Prefix.pch";
				GCC_PREPROCESSOR_DEFINITIONS = (
					"DEBUG=1",
					"$(inherited)",
				);
				GCC_SYMBOLS_PRIVATE_EXTERN = NO;
				GCC_WARN_64_TO_32_BIT_CONVERSION = YES;
				GCC_WARN_ABOUT_RETURN_TYPE = YES;
				GCC_WARN_UNINITIALIZED_AUTOS = YES;
				GCC_WARN_UNUSED_VARIABLE = YES;
				INFOPLIST_FILE = "Menu/Menu-Info.plist";
				MACOSX_DEPLOYMENT_TARGET = 10.8;
				ONLY_ACTIVE_ARCH = YES;
				PRODUCT_NAME = Pub;
				SDKROOT = macosx;
				WRAPPER_EXTENSION = app;
			};
			name = Debug;
		};
		6C831DDF15E08A51003BCF59 /* Release */ = {
			isa = XCBuildConfiguration;
			buildSettings = {
				ALWAYS_SEARCH_USER_PATHS = NO;
				ARCHS = "$(ARCHS_STANDARD_64_BIT)";
				CLANG_CXX_LANGUAGE_STANDARD = "gnu++0x";
				CLANG_WARN__DUPLICATE_METHOD_MATCH = YES;
				COMBINE_HIDPI_IMAGES = YES;
				COPY_PHASE_STRIP = YES;
				DEBUG_INFORMATION_FORMAT = "dwarf-with-dsym";
				GCC_C_LANGUAGE_STANDARD = gnu99;
				GCC_ENABLE_OBJC_EXCEPTIONS = YES;
				GCC_PRECOMPILE_PREFIX_HEADER = YES;
				GCC_PREFIX_HEADER = "Menu/Menu-Prefix.pch";
				GCC_WARN_64_TO_32_BIT_CONVERSION = YES;
				GCC_WARN_ABOUT_RETURN_TYPE = YES;
				GCC_WARN_UNINITIALIZED_AUTOS = YES;
				GCC_WARN_UNUSED_VARIABLE = YES;
				INFOPLIST_FILE = "Menu/Menu-Info.plist";
				MACOSX_DEPLOYMENT_TARGET = 10.8;
				PRODUCT_NAME = Pub;
				SDKROOT = macosx;
				WRAPPER_EXTENSION = app;
			};
			name = Release;
		};
/* End XCBuildConfiguration section */

/* Begin XCConfigurationList section */
		6C0984BD15D9CAA00082A841 /* Build configuration list for PBXProject "Pub" */ = {
			isa = XCConfigurationList;
			buildConfigurations = (
				6C0984BF15D9CAA00082A841 /* Debug */,
				6C0984C015D9CAA00082A841 /* Release */,
			);
			defaultConfigurationIsVisible = 0;
			defaultConfigurationName = Release;
		};
		6C0984F515D9CBAA0082A841 /* Build configuration list for PBXNativeTarget "Bartender" */ = {
			isa = XCConfigurationList;
			buildConfigurations = (
				6C0984F115D9CBAA0082A841 /* Debug */,
				6C0984F215D9CBAA0082A841 /* Release */,
			);
			defaultConfigurationIsVisible = 0;
			defaultConfigurationName = Release;
		};
		6C0984F615D9CBAA0082A841 /* Build configuration list for PBXNativeTarget "BartenderTests" */ = {
			isa = XCConfigurationList;
			buildConfigurations = (
				6C0984F315D9CBAA0082A841 /* Debug */,
				6C0984F415D9CBAA0082A841 /* Release */,
			);
			defaultConfigurationIsVisible = 0;
			defaultConfigurationName = Release;
		};
		6C831DE015E08A51003BCF59 /* Build configuration list for PBXNativeTarget "Menu" */ = {
			isa = XCConfigurationList;
			buildConfigurations = (
				6C831DDE15E08A51003BCF59 /* Debug */,
				6C831DDF15E08A51003BCF59 /* Release */,
			);
			defaultConfigurationIsVisible = 0;
		};
/* End XCConfigurationList section */
	};
	rootObject = 6C0984BA15D9CAA00082A841 /* Project object */;
}
